{
  "name": "native-miniprogram",
  "version": "1.0.0",
  "lockfileVersion": 3,
  "requires": true,
  "packages": {
    "": {
      "name": "native-miniprogram",
      "version": "1.0.0",
      "license": "ISC",
      "dependencies": {
        "mini-testbridge": "^1.0.0"
      }
    },
    "node_modules/mini-testbridge": {
      "version": "1.0.0",
      "resolved": "https://registry.npmjs.org/mini-testbridge/-/mini-testbridge-1.0.0.tgz",
      "integrity": "sha512-/GIr2cf9XTRIsoSOAMpz7OvwuKXNWd9VhpEQq1HRe+acYeYDxmlisRfhYIK0YhYkOHcRaeI8fU1QGmqFfQIozA==",
      "license": "MIT"
    }
  }
}
